# THIS IS AN AUTOGENERATED FILE. DO NOT EDIT THIS FILE DIRECTLY.
# yarn lockfile v1


hyperapp@^2.0.18:
  version "2.0.18"
  resolved "https://registry.yarnpkg.com/hyperapp/-/hyperapp-2.0.18.tgz#dd709627a11d755b62710fa539fd860e20074735"
  integrity sha512-i9NoQtmg9vFy5iQVDlpWRahnJsMn8eb1WrkDXUkytHzxx7IfOdICU6UaZP6fv2FVXPnQSVxxpUo8HT8d5L+ktw==
